
Microsoft Visual Studio Solution File, Format Version 12.00
# Visual Studio Version 17
VisualStudioVersion = 17.13.35931.197 d17.13
MinimumVisualStudioVersion = 10.0.40219.1
Project("{8BC9CEB8-8B4A-11D0-8D11-00A0C91BC942}") = "LeetCode", "LeetCode.vcxproj", "{A131485D-AF58-452C-B38A-BFD86E1A5185}"
EndProject
Global
	GlobalSection(SolutionConfigurationPlatforms) = preSolution
		Debug|x64 = Debug|x64
		Debug|x86 = Debug|x86
		Release|x64 = Release|x64
		Release|x86 = Release|x86
	EndGlobalSection
	GlobalSection(ProjectConfigurationPlatforms) = postSolution
		{A131485D-AF58-452C-B38A-BFD86E1A5185}.Debug|x64.ActiveCfg = Debug|x64
		{A131485D-AF58-452C-B38A-BFD86E1A5185}.Debug|x64.Build.0 = Debug|x64
		{A131485D-AF58-452C-B38A-BFD86E1A5185}.Debug|x86.ActiveCfg = Debug|Win32
		{A131485D-AF58-452C-B38A-BFD86E1A5185}.Debug|x86.Build.0 = Debug|Win32
		{A131485D-AF58-452C-B38A-BFD86E1A5185}.Release|x64.ActiveCfg = Release|x64
		{A131485D-AF58-452C-B38A-BFD86E1A5185}.Release|x64.Build.0 = Release|x64
		{A131485D-AF58-452C-B38A-BFD86E1A5185}.Release|x86.ActiveCfg = Release|Win32
		{A131485D-AF58-452C-B38A-BFD86E1A5185}.Release|x86.Build.0 = Release|Win32
	EndGlobalSection
	GlobalSection(SolutionProperties) = preSolution
		HideSolutionNode = FALSE
	EndGlobalSection
	GlobalSection(ExtensibilityGlobals) = postSolution
		SolutionGuid = {106974D2-6F43-4E1E-9751-585C9EEC2668}
	EndGlobalSection
EndGlobal
